{
  "dependencies": {
    "butikk": {
      "kind": "path",
      "resolved": {
        "digest_sha256": "30cf96d777dd6319069a193f7d720da404eb4ef66a03168f740d9dddb70d2e82",
        "entry": "pris.no",
        "exists": true,
        "path": "/Users/jansteinarsaetre/Documents/VS code/norsklang_6i/packages/butikk",
        "project_name": "butikk",
        "project_version": "0.1.0"
      },
      "specifier": "./packages/butikk"
    }
  },
  "generated_at": "2026-04-01T18:32:05.546727+00:00",
  "lock_version": 1,
  "project": {
    "entry": "app.no",
    "name": "norsklang_app",
    "version": "0.1.0"
  }
}
